
Microsoft Visual Studio Solution File, Format Version 12.00
# Visual Studio Version 17
VisualStudioVersion = 17.8.34525.116
MinimumVisualStudioVersion = 10.0.40219.1
Project("{FAE04EC0-301F-11D3-BF4B-00C04F79EFBC}") = "WindowsFormsApp1", "WindowsFormsApp1\WindowsFormsApp1.csproj", "{D8991406-0E98-457C-9096-440B895CB0BF}"
EndProject
Global
	GlobalSection(SolutionConfigurationPlatforms) = preSolution
		Debug|Any CPU = Debug|Any CPU
		Release|Any CPU = Release|Any CPU
	EndGlobalSection
	GlobalSection(ProjectConfigurationPlatforms) = postSolution
		{D8991406-0E98-457C-9096-440B895CB0BF}.Debug|Any CPU.ActiveCfg = Debug|Any CPU
		{D8991406-0E98-457C-9096-440B895CB0BF}.Debug|Any CPU.Build.0 = Debug|Any CPU
		{D8991406-0E98-457C-9096-440B895CB0BF}.Release|Any CPU.ActiveCfg = Release|Any CPU
		{D8991406-0E98-457C-9096-440B895CB0BF}.Release|Any CPU.Build.0 = Release|Any CPU
	EndGlobalSection
	GlobalSection(SolutionProperties) = preSolution
		HideSolutionNode = FALSE
	EndGlobalSection
	GlobalSection(ExtensibilityGlobals) = postSolution
		SolutionGuid = {5DBFBF53-C390-4544-A339-61C8CA565AA0}
	EndGlobalSection
EndGlobal
